// !$*UTF8*$!
{
	archiveVersion = 1;
	classes = {
	};
	objectVersion = 50;
	objects = {

/* Begin PBXBuildFile section */
		2706155A22A4709100EE42A9 /* AppDelegate.swift in Sources */ = {isa = PBXBuildFile; fileRef = 2706155922A4709100EE42A9 /* AppDelegate.swift */; };
		2706155C22A4709100EE42A9 /* ViewController.swift in Sources */ = {isa = PBXBuildFile; fileRef = 2706155B22A4709100EE42A9 /* ViewController.swift */; };
		2706155F22A4709100EE42A9 /* Main.storyboard in Resources */ = {isa = PBXBuildFile; fileRef = 2706155D22A4709100EE42A9 /* Main.storyboard */; };
		2706156122A4709800EE42A9 /* Assets.xcassets in Resources */ = {isa = PBXBuildFile; fileRef = 2706156022A4709800EE42A9 /* Assets.xcassets */; };
		2706156422A4709800EE42A9 /* LaunchScreen.storyboard in Resources */ = {isa = PBXBuildFile; fileRef = 2706156222A4709800EE42A9 /* LaunchScreen.storyboard */; };
		2706156F22A4709800EE42A9 /* MVPArchitectureTests.swift in Sources */ = {isa = PBXBuildFile; fileRef = 2706156E22A4709800EE42A9 /* MVPArchitectureTests.swift */; };
		2706157A22A4709800EE42A9 /* MVPArchitectureUITests.swift in Sources */ = {isa = PBXBuildFile; fileRef = 2706157922A4709800EE42A9 /* MVPArchitectureUITests.swift */; };
/* End PBXBuildFile section */

/* Begin PBXContainerItemProxy section */
		2706156B22A4709800EE42A9 /* PBXContainerItemProxy */ = {
			isa = PBXContainerItemProxy;
			containerPortal = 2706154E22A4709000EE42A9 /* Project object */;
			proxyType = 1;
			remoteGlobalIDString = 2706155522A4709000EE42A9;
			remoteInfo = MVPArchitecture;
		};
		2706157622A4709800EE42A9 /* PBXContainerItemProxy */ = {
			isa = PBXContainerItemProxy;
			containerPortal = 2706154E22A4709000EE42A9 /* Project object */;
			proxyType = 1;
			remoteGlobalIDString = 2706155522A4709000EE42A9;
			remoteInfo = MVPArchitecture;
		};
/* End PBXContainerItemProxy section */

/* Begin PBXFileReference section */
		2706155622A4709100EE42A9 /* MVPArchitecture.app */ = {isa = PBXFileReference; explicitFileType = wrapper.application; includeInIndex = 0; path = MVPArchitecture.app; sourceTree = BUILT_PRODUCTS_DIR; };
		2706155922A4709100EE42A9 /* AppDelegate.swift */ = {isa = PBXFileReference; lastKnownFileType = sourcecode.swift; path = AppDelegate.swift; sourceTree = "<group>"; };
		2706155B22A4709100EE42A9 /* ViewController.swift */ = {isa = PBXFileReference; lastKnownFileType = sourcecode.swift; path = ViewController.swift; sourceTree = "<group>"; };
		2706155E22A4709100EE42A9 /* Base */ = {isa = PBXFileReference; lastKnownFileType = file.storyboard; name = Base; path = Base.lproj/Main.storyboard; sourceTree = "<group>"; };
		2706156022A4709800EE42A9 /* Assets.xcassets */ = {isa = PBXFileReference; lastKnownFileType = folder.assetcatalog; path = Assets.xcassets; sourceTree = "<group>"; };
		2706156322A4709800EE42A9 /* Base */ = {isa = PBXFileReference; lastKnownFileType = file.storyboard; name = Base; path = Base.lproj/LaunchScreen.storyboard; sourceTree = "<group>"; };
		2706156522A4709800EE42A9 /* Info.plist */ = {isa = PBXFileReference; lastKnownFileType = text.plist.xml; path = Info.plist; sourceTree = "<group>"; };
		2706156A22A4709800EE42A9 /* MVPArchitectureTests.xctest */ = {isa = PBXFileReference; explicitFileType = wrapper.cfbundle; includeInIndex = 0; path = MVPArchitectureTests.xctest; sourceTree = BUILT_PRODUCTS_DIR; };
		2706156E22A4709800EE42A9 /* MVPArchitectureTests.swift */ = {isa = PBXFileReference; lastKnownFileType = sourcecode.swift; path = MVPArchitectureTests.swift; sourceTree = "<group>"; };
		2706157022A4709800EE42A9 /* Info.plist */ = {isa = PBXFileReference; lastKnownFileType = text.plist.xml; path = Info.plist; sourceTree = "<group>"; };
		2706157522A4709800EE42A9 /* MVPArchitectureUITests.xctest */ = {isa = PBXFileReference; explicitFileType = wrapper.cfbundle; includeInIndex = 0; path = MVPArchitectureUITests.xctest; sourceTree = BUILT_PRODUCTS_DIR; };
		2706157922A4709800EE42A9 /* MVPArchitectureUITests.swift */ = {isa = PBXFileReference; lastKnownFileType = sourcecode.swift; path = MVPArchitectureUITests.swift; sourceTree = "<group>"; };
		2706157B22A4709800EE42A9 /* Info.plist */ = {isa = PBXFileReference; lastKnownFileType = text.plist.xml; path = Info.plist; sourceTree = "<group>"; };
/* End PBXFileReference section */

/* Begin PBXFrameworksBuildPhase section */
		2706155322A4709000EE42A9 /* Frameworks */ = {
			isa = PBXFrameworksBuildPhase;
			buildActionMask = 2147483647;
			files = (
			);
			runOnlyForDeploymentPostprocessing = 0;
		};
		2706156722A4709800EE42A9 /* Frameworks */ = {
			isa = PBXFrameworksBuildPhase;
			buildActionMask = 2147483647;
			files = (
			);
			runOnlyForDeploymentPostprocessing = 0;
		};
		2706157222A4709800EE42A9 /* Frameworks */ = {
			isa = PBXFrameworksBuildPhase;
			buildActionMask = 2147483647;
			files = (
			);
			runOnlyForDeploymentPostprocessing = 0;
		};
/* End PBXFrameworksBuildPhase section */

/* Begin PBXGroup section */
		2706154D22A4709000EE42A9 = {
			isa = PBXGroup;
			children = (
				2706155822A4709100EE42A9 /* MVPArchitecture */,
				2706156D22A4709800EE42A9 /* MVPArchitectureTests */,
				2706157822A4709800EE42A9 /* MVPArchitectureUITests */,
				2706155722A4709100EE42A9 /* Products */,
			);
			sourceTree = "<group>";
		};
		2706155722A4709100EE42A9 /* Products */ = {
			isa = PBXGroup;
			children = (
				2706155622A4709100EE42A9 /* MVPArchitecture.app */,
				2706156A22A4709800EE42A9 /* MVPArchitectureTests.xctest */,
				2706157522A4709800EE42A9 /* MVPArchitectureUITests.xctest */,
			);
			name = Products;
			sourceTree = "<group>";
		};
		2706155822A4709100EE42A9 /* MVPArchitecture */ = {
			isa = PBXGroup;
			children = (
				2706155922A4709100EE42A9 /* AppDelegate.swift */,
				2706155B22A4709100EE42A9 /* ViewController.swift */,
				2706155D22A4709100EE42A9 /* Main.storyboard */,
				2706156022A4709800EE42A9 /* Assets.xcassets */,
				2706156222A4709800EE42A9 /* LaunchScreen.storyboard */,
				2706156522A4709800EE42A9 /* Info.plist */,
			);
			path = MVPArchitecture;
			sourceTree = "<group>";
		};
		2706156D22A4709800EE42A9 /* MVPArchitectureTests */ = {
			isa = PBXGroup;
			children = (
				2706156E22A4709800EE42A9 /* MVPArchitectureTests.swift */,
				2706157022A4709800EE42A9 /* Info.plist */,
			);
			path = MVPArchitectureTests;
			sourceTree = "<group>";
		};
		2706157822A4709800EE42A9 /* MVPArchitectureUITests */ = {
			isa = PBXGroup;
			children = (
				2706157922A4709800EE42A9 /* MVPArchitectureUITests.swift */,
				2706157B22A4709800EE42A9 /* Info.plist */,
			);
			path = MVPArchitectureUITests;
			sourceTree = "<group>";
		};
/* End PBXGroup section */

/* Begin PBXNativeTarget section */
		2706155522A4709000EE42A9 /* MVPArchitecture */ = {
			isa = PBXNativeTarget;
			buildConfigurationList = 2706157E22A4709800EE42A9 /* Build configuration list for PBXNativeTarget "MVPArchitecture" */;
			buildPhases = (
				2706155222A4709000EE42A9 /* Sources */,
				2706155322A4709000EE42A9 /* Frameworks */,
				2706155422A4709000EE42A9 /* Resources */,
			);
			buildRules = (
			);
			dependencies = (
			);
			name = MVPArchitecture;
			productName = MVPArchitecture;
			productReference = 2706155622A4709100EE42A9 /* MVPArchitecture.app */;
			productType = "com.apple.product-type.application";
		};
		2706156922A4709800EE42A9 /* MVPArchitectureTests */ = {
			isa = PBXNativeTarget;
			buildConfigurationList = 2706158122A4709800EE42A9 /* Build configuration list for PBXNativeTarget "MVPArchitectureTests" */;
			buildPhases = (
				2706156622A4709800EE42A9 /* Sources */,
				2706156722A4709800EE42A9 /* Frameworks */,
				2706156822A4709800EE42A9 /* Resources */,
			);
			buildRules = (
			);
			dependencies = (
				2706156C22A4709800EE42A9 /* PBXTargetDependency */,
			);
			name = MVPArchitectureTests;
			productName = MVPArchitectureTests;
			productReference = 2706156A22A4709800EE42A9 /* MVPArchitectureTests.xctest */;
			productType = "com.apple.product-type.bundle.unit-test";
		};
		2706157422A4709800EE42A9 /* MVPArchitectureUITests */ = {
			isa = PBXNativeTarget;
			buildConfigurationList = 2706158422A4709800EE42A9 /* Build configuration list for PBXNativeTarget "MVPArchitectureUITests" */;
			buildPhases = (
				2706157122A4709800EE42A9 /* Sources */,
				2706157222A4709800EE42A9 /* Frameworks */,
				2706157322A4709800EE42A9 /* Resources */,
			);
			buildRules = (
			);
			dependencies = (
				2706157722A4709800EE42A9 /* PBXTargetDependency */,
			);
			name = MVPArchitectureUITests;
			productName = MVPArchitectureUITests;
			productReference = 2706157522A4709800EE42A9 /* MVPArchitectureUITests.xctest */;
			productType = "com.apple.product-type.bundle.ui-testing";
		};
/* End PBXNativeTarget section */

/* Begin PBXProject section */
		2706154E22A4709000EE42A9 /* Project object */ = {
			isa = PBXProject;
			attributes = {
				LastSwiftUpdateCheck = 1020;
				LastUpgradeCheck = 1020;
				ORGANIZATIONNAME = "Miguel Zarazua";
				TargetAttributes = {
					2706155522A4709000EE42A9 = {
						CreatedOnToolsVersion = 10.2.1;
					};
					2706156922A4709800EE42A9 = {
						CreatedOnToolsVersion = 10.2.1;
						TestTargetID = 2706155522A4709000EE42A9;
					};
					2706157422A4709800EE42A9 = {
						CreatedOnToolsVersion = 10.2.1;
						TestTargetID = 2706155522A4709000EE42A9;
					};
				};
			};
			buildConfigurationList = 2706155122A4709000EE42A9 /* Build configuration list for PBXProject "MVPArchitecture" */;
			compatibilityVersion = "Xcode 9.3";
			developmentRegion = en;
			hasScannedForEncodings = 0;
			knownRegions = (
				en,
				Base,
			);
			mainGroup = 2706154D22A4709000EE42A9;
			productRefGroup = 2706155722A4709100EE42A9 /* Products */;
			projectDirPath = "";
			projectRoot = "";
			targets = (
				2706155522A4709000EE42A9 /* MVPArchitecture */,
				2706156922A4709800EE42A9 /* MVPArchitectureTests */,
				2706157422A4709800EE42A9 /* MVPArchitectureUITests */,
			);
		};
/* End PBXProject section */

/* Begin PBXResourcesBuildPhase section */
		2706155422A4709000EE42A9 /* Resources */ = {
			isa = PBXResourcesBuildPhase;
			buildActionMask = 2147483647;
			files = (
				2706156422A4709800EE42A9 /* LaunchScreen.storyboard in Resources */,
				2706156122A4709800EE42A9 /* Assets.xcassets in Resources */,
				2706155F22A4709100EE42A9 /* Main.storyboard in Resources */,
			);
			runOnlyForDeploymentPostprocessing = 0;
		};
		2706156822A4709800EE42A9 /* Resources */ = {
			isa = PBXResourcesBuildPhase;
			buildActionMask = 2147483647;
			files = (
			);
			runOnlyForDeploymentPostprocessing = 0;
		};
		2706157322A4709800EE42A9 /* Resources */ = {
			isa = PBXResourcesBuildPhase;
			buildActionMask = 2147483647;
			files = (
			);
			runOnlyForDeploymentPostprocessing = 0;
		};
/* End PBXResourcesBuildPhase section */

/* Begin PBXSourcesBuildPhase section */
		2706155222A4709000EE42A9 /* Sources */ = {
			isa = PBXSourcesBuildPhase;
			buildActionMask = 2147483647;
			files = (
				2706155C22A4709100EE42A9 /* ViewController.swift in Sources */,
				2706155A22A4709100EE42A9 /* AppDelegate.swift in Sources */,
			);
			runOnlyForDeploymentPostprocessing = 0;
		};
		2706156622A4709800EE42A9 /* Sources */ = {
			isa = PBXSourcesBuildPhase;
			buildActionMask = 2147483647;
			files = (
				2706156F22A4709800EE42A9 /* MVPArchitectureTests.swift in Sources */,
			);
			runOnlyForDeploymentPostprocessing = 0;
		};
		2706157122A4709800EE42A9 /* Sources */ = {
			isa = PBXSourcesBuildPhase;
			buildActionMask = 2147483647;
			files = (
				2706157A22A4709800EE42A9 /* MVPArchitectureUITests.swift in Sources */,
			);
			runOnlyForDeploymentPostprocessing = 0;
		};
/* End PBXSourcesBuildPhase section */

/* Begin PBXTargetDependency section */
		2706156C22A4709800EE42A9 /* PBXTargetDependency */ = {
			isa = PBXTargetDependency;
			target = 2706155522A4709000EE42A9 /* MVPArchitecture */;
			targetProxy = 2706156B22A4709800EE42A9 /* PBXContainerItemProxy */;
		};
		2706157722A4709800EE42A9 /* PBXTargetDependency */ = {
			isa = PBXTargetDependency;
			target = 2706155522A4709000EE42A9 /* MVPArchitecture */;
			targetProxy = 2706157622A4709800EE42A9 /* PBXContainerItemProxy */;
		};
/* End PBXTargetDependency section */

/* Begin PBXVariantGroup section */
		2706155D22A4709100EE42A9 /* Main.storyboard */ = {
			isa = PBXVariantGroup;
			children = (
				2706155E22A4709100EE42A9 /* Base */,
			);
			name = Main.storyboard;
			sourceTree = "<group>";
		};
		2706156222A4709800EE42A9 /* LaunchScreen.storyboard */ = {
			isa = PBXVariantGroup;
			children = (
				2706156322A4709800EE42A9 /* Base */,
			);
			name = LaunchScreen.storyboard;
			sourceTree = "<group>";
		};
/* End PBXVariantGroup section */

/* Begin XCBuildConfiguration section */
		2706157C22A4709800EE42A9 /* Debug */ = {
			isa = XCBuildConfiguration;
			buildSettings = {
				ALWAYS_SEARCH_USER_PATHS = NO;
				CLANG_ANALYZER_NONNULL = YES;
				CLANG_ANALYZER_NUMBER_OBJECT_CONVERSION = YES_AGGRESSIVE;
				CLANG_CXX_LANGUAGE_STANDARD = "gnu++14";
				CLANG_CXX_LIBRARY = "libc++";
				CLANG_ENABLE_MODULES = YES;
				CLANG_ENABLE_OBJC_ARC = YES;
				CLANG_ENABLE_OBJC_WEAK = YES;
				CLANG_WARN_BLOCK_CAPTURE_AUTORELEASING = YES;
				CLANG_WARN_BOOL_CONVERSION = YES;
				CLANG_WARN_COMMA = YES;
				CLANG_WARN_CONSTANT_CONVERSION = YES;
				CLANG_WARN_DEPRECATED_OBJC_IMPLEMENTATIONS = YES;
				CLANG_WARN_DIRECT_OBJC_ISA_USAGE = YES_ERROR;
				CLANG_WARN_DOCUMENTATION_COMMENTS = YES;
				CLANG_WARN_EMPTY_BODY = YES;
				CLANG_WARN_ENUM_CONVERSION = YES;
				CLANG_WARN_INFINITE_RECURSION = YES;
				CLANG_WARN_INT_CONVERSION = YES;
				CLANG_WARN_NON_LITERAL_NULL_CONVERSION = YES;
				CLANG_WARN_OBJC_IMPLICIT_RETAIN_SELF = YES;
				CLANG_WARN_OBJC_LITERAL_CONVERSION = YES;
				CLANG_WARN_OBJC_ROOT_CLASS = YES_ERROR;
				CLANG_WARN_RANGE_LOOP_ANALYSIS = YES;
				CLANG_WARN_STRICT_PROTOTYPES = YES;
				CLANG_WARN_SUSPICIOUS_MOVE = YES;
				CLANG_WARN_UNGUARDED_AVAILABILITY = YES_AGGRESSIVE;
				CLANG_WARN_UNREACHABLE_CODE = YES;
				CLANG_WARN__DUPLICATE_METHOD_MATCH = YES;
				CODE_SIGN_IDENTITY = "iPhone Developer";
				COPY_PHASE_STRIP = NO;
				DEBUG_INFORMATION_FORMAT = dwarf;
				ENABLE_STRICT_OBJC_MSGSEND = YES;
				ENABLE_TESTABILITY = YES;
				GCC_C_LANGUAGE_STANDARD = gnu11;
				GCC_DYNAMIC_NO_PIC = NO;
				GCC_NO_COMMON_BLOCKS = YES;
				GCC_OPTIMIZATION_LEVEL = 0;
				GCC_PREPROCESSOR_DEFINITIONS = (
					"DEBUG=1",
					"$(inherited)",
				);
				GCC_WARN_64_TO_32_BIT_CONVERSION = YES;
				GCC_WARN_ABOUT_RETURN_TYPE = YES_ERROR;
				GCC_WARN_UNDECLARED_SELECTOR = YES;
				GCC_WARN_UNINITIALIZED_AUTOS = YES_AGGRESSIVE;
				GCC_WARN_UNUSED_FUNCTION = YES;
				GCC_WARN_UNUSED_VARIABLE = YES;
				IPHONEOS_DEPLOYMENT_TARGET = 12.2;
				MTL_ENABLE_DEBUG_INFO = INCLUDE_SOURCE;
				MTL_FAST_MATH = YES;
				ONLY_ACTIVE_ARCH = YES;
				SDKROOT = iphoneos;
				SWIFT_ACTIVE_COMPILATION_CONDITIONS = DEBUG;
				SWIFT_OPTIMIZATION_LEVEL = "-Onone";
			};
			name = Debug;
		};
		2706157D22A4709800EE42A9 /* Release */ = {
			isa = XCBuildConfiguration;
			buildSettings = {
				ALWAYS_SEARCH_USER_PATHS = NO;
				CLANG_ANALYZER_NONNULL = YES;
				CLANG_ANALYZER_NUMBER_OBJECT_CONVERSION = YES_AGGRESSIVE;
				CLANG_CXX_LANGUAGE_STANDARD = "gnu++14";
				CLANG_CXX_LIBRARY = "libc++";
				CLANG_ENABLE_MODULES = YES;
				CLANG_ENABLE_OBJC_ARC = YES;
				CLANG_ENABLE_OBJC_WEAK = YES;
				CLANG_WARN_BLOCK_CAPTURE_AUTORELEASING = YES;
				CLANG_WARN_BOOL_CONVERSION = YES;
				CLANG_WARN_COMMA = YES;
				CLANG_WARN_CONSTANT_CONVERSION = YES;
				CLANG_WARN_DEPRECATED_OBJC_IMPLEMENTATIONS = YES;
				CLANG_WARN_DIRECT_OBJC_ISA_USAGE = YES_ERROR;
				CLANG_WARN_DOCUMENTATION_COMMENTS = YES;
				CLANG_WARN_EMPTY_BODY = YES;
				CLANG_WARN_ENUM_CONVERSION = YES;
				CLANG_WARN_INFINITE_RECURSION = YES;
				CLANG_WARN_INT_CONVERSION = YES;
				CLANG_WARN_NON_LITERAL_NULL_CONVERSION = YES;
				CLANG_WARN_OBJC_IMPLICIT_RETAIN_SELF = YES;
				CLANG_WARN_OBJC_LITERAL_CONVERSION = YES;
				CLANG_WARN_OBJC_ROOT_CLASS = YES_ERROR;
				CLANG_WARN_RANGE_LOOP_ANALYSIS = YES;
				CLANG_WARN_STRICT_PROTOTYPES = YES;
				CLANG_WARN_SUSPICIOUS_MOVE = YES;
				CLANG_WARN_UNGUARDED_AVAILABILITY = YES_AGGRESSIVE;
				CLANG_WARN_UNREACHABLE_CODE = YES;
				CLANG_WARN__DUPLICATE_METHOD_MATCH = YES;
				CODE_SIGN_IDENTITY = "iPhone Developer";
				COPY_PHASE_STRIP = NO;
				DEBUG_INFORMATION_FORMAT = "dwarf-with-dsym";
				ENABLE_NS_ASSERTIONS = NO;
				ENABLE_STRICT_OBJC_MSGSEND = YES;
				GCC_C_LANGUAGE_STANDARD = gnu11;
				GCC_NO_COMMON_BLOCKS = YES;
				GCC_WARN_64_TO_32_BIT_CONVERSION = YES;
				GCC_WARN_ABOUT_RETURN_TYPE = YES_ERROR;
				GCC_WARN_UNDECLARED_SELECTOR = YES;
				GCC_WARN_UNINITIALIZED_AUTOS = YES_AGGRESSIVE;
				GCC_WARN_UNUSED_FUNCTION = YES;
				GCC_WARN_UNUSED_VARIABLE = YES;
				IPHONEOS_DEPLOYMENT_TARGET = 12.2;
				MTL_ENABLE_DEBUG_INFO = NO;
				MTL_FAST_MATH = YES;
				SDKROOT = iphoneos;
				SWIFT_COMPILATION_MODE = wholemodule;
				SWIFT_OPTIMIZATION_LEVEL = "-O";
				VALIDATE_PRODUCT = YES;
			};
			name = Release;
		};
		2706157F22A4709800EE42A9 /* Debug */ = {
			isa = XCBuildConfiguration;
			buildSettings = {
				ASSETCATALOG_COMPILER_APPICON_NAME = AppIcon;
				CODE_SIGN_STYLE = Automatic;
				DEVELOPMENT_TEAM = JB7D7V9V4W;
				INFOPLIST_FILE = MVPArchitecture/Info.plist;
				LD_RUNPATH_SEARCH_PATHS = (
					"$(inherited)",
					"@executable_path/Frameworks",
				);
				PRODUCT_BUNDLE_IDENTIFIER = com.mike.BiometricsDemo.MVPArchitecture;
				PRODUCT_NAME = "$(TARGET_NAME)";
				SWIFT_VERSION = 5.0;
				TARGETED_DEVICE_FAMILY = "1,2";
			};
			name = Debug;
		};
		2706158022A4709800EE42A9 /* Release */ = {
			isa = XCBuildConfiguration;
			buildSettings = {
				ASSETCATALOG_COMPILER_APPICON_NAME = AppIcon;
				CODE_SIGN_STYLE = Automatic;
				DEVELOPMENT_TEAM = JB7D7V9V4W;
				INFOPLIST_FILE = MVPArchitecture/Info.plist;
				LD_RUNPATH_SEARCH_PATHS = (
					"$(inherited)",
					"@executable_path/Frameworks",
				);
				PRODUCT_BUNDLE_IDENTIFIER = com.mike.BiometricsDemo.MVPArchitecture;
				PRODUCT_NAME = "$(TARGET_NAME)";
				SWIFT_VERSION = 5.0;
				TARGETED_DEVICE_FAMILY = "1,2";
			};
			name = Release;
		};
		2706158222A4709800EE42A9 /* Debug */ = {
			isa = XCBuildConfiguration;
			buildSettings = {
				ALWAYS_EMBED_SWIFT_STANDARD_LIBRARIES = YES;
				BUNDLE_LOADER = "$(TEST_HOST)";
				CODE_SIGN_STYLE = Automatic;
				DEVELOPMENT_TEAM = JB7D7V9V4W;
				INFOPLIST_FILE = MVPArchitectureTests/Info.plist;
				LD_RUNPATH_SEARCH_PATHS = (
					"$(inherited)",
					"@executable_path/Frameworks",
					"@loader_path/Frameworks",
				);
				PRODUCT_BUNDLE_IDENTIFIER = com.mike.BiometricsDemo.MVPArchitectureTests;
				PRODUCT_NAME = "$(TARGET_NAME)";
				SWIFT_VERSION = 5.0;
				TARGETED_DEVICE_FAMILY = "1,2";
				TEST_HOST = "$(BUILT_PRODUCTS_DIR)/MVPArchitecture.app/MVPArchitecture";
			};
			name = Debug;
		};
		2706158322A4709800EE42A9 /* Release */ = {
			isa = XCBuildConfiguration;
			buildSettings = {
				ALWAYS_EMBED_SWIFT_STANDARD_LIBRARIES = YES;
				BUNDLE_LOADER = "$(TEST_HOST)";
				CODE_SIGN_STYLE = Automatic;
				DEVELOPMENT_TEAM = JB7D7V9V4W;
				INFOPLIST_FILE = MVPArchitectureTests/Info.plist;
				LD_RUNPATH_SEARCH_PATHS = (
					"$(inherited)",
					"@executable_path/Frameworks",
					"@loader_path/Frameworks",
				);
				PRODUCT_BUNDLE_IDENTIFIER = com.mike.BiometricsDemo.MVPArchitectureTests;
				PRODUCT_NAME = "$(TARGET_NAME)";
				SWIFT_VERSION = 5.0;
				TARGETED_DEVICE_FAMILY = "1,2";
				TEST_HOST = "$(BUILT_PRODUCTS_DIR)/MVPArchitecture.app/MVPArchitecture";
			};
			name = Release;
		};
		2706158522A4709800EE42A9 /* Debug */ = {
			isa = XCBuildConfiguration;
			buildSettings = {
				ALWAYS_EMBED_SWIFT_STANDARD_LIBRARIES = YES;
				CODE_SIGN_STYLE = Automatic;
				DEVELOPMENT_TEAM = JB7D7V9V4W;
				INFOPLIST_FILE = MVPArchitectureUITests/Info.plist;
				LD_RUNPATH_SEARCH_PATHS = (
					"$(inherited)",
					"@executable_path/Frameworks",
					"@loader_path/Frameworks",
				);
				PRODUCT_BUNDLE_IDENTIFIER = com.mike.BiometricsDemo.MVPArchitectureUITests;
				PRODUCT_NAME = "$(TARGET_NAME)";
				SWIFT_VERSION = 5.0;
				TARGETED_DEVICE_FAMILY = "1,2";
				TEST_TARGET_NAME = MVPArchitecture;
			};
			name = Debug;
		};
		2706158622A4709800EE42A9 /* Release */ = {
			isa = XCBuildConfiguration;
			buildSettings = {
				ALWAYS_EMBED_SWIFT_STANDARD_LIBRARIES = YES;
				CODE_SIGN_STYLE = Automatic;
				DEVELOPMENT_TEAM = JB7D7V9V4W;
				INFOPLIST_FILE = MVPArchitectureUITests/Info.plist;
				LD_RUNPATH_SEARCH_PATHS = (
					"$(inherited)",
					"@executable_path/Frameworks",
					"@loader_path/Frameworks",
				);
				PRODUCT_BUNDLE_IDENTIFIER = com.mike.BiometricsDemo.MVPArchitectureUITests;
				PRODUCT_NAME = "$(TARGET_NAME)";
				SWIFT_VERSION = 5.0;
				TARGETED_DEVICE_FAMILY = "1,2";
				TEST_TARGET_NAME = MVPArchitecture;
			};
			name = Release;
		};
/* End XCBuildConfiguration section */

/* Begin XCConfigurationList section */
		2706155122A4709000EE42A9 /* Build configuration list for PBXProject "MVPArchitecture" */ = {
			isa = XCConfigurationList;
			buildConfigurations = (
				2706157C22A4709800EE42A9 /* Debug */,
				2706157D22A4709800EE42A9 /* Release */,
			);
			defaultConfigurationIsVisible = 0;
			defaultConfigurationName = Release;
		};
		2706157E22A4709800EE42A9 /* Build configuration list for PBXNativeTarget "MVPArchitecture" */ = {
			isa = XCConfigurationList;
			buildConfigurations = (
				2706157F22A4709800EE42A9 /* Debug */,
				2706158022A4709800EE42A9 /* Release */,
			);
			defaultConfigurationIsVisible = 0;
			defaultConfigurationName = Release;
		};
		2706158122A4709800EE42A9 /* Build configuration list for PBXNativeTarget "MVPArchitectureTests" */ = {
			isa = XCConfigurationList;
			buildConfigurations = (
				2706158222A4709800EE42A9 /* Debug */,
				2706158322A4709800EE42A9 /* Release */,
			);
			defaultConfigurationIsVisible = 0;
			defaultConfigurationName = Release;
		};
		2706158422A4709800EE42A9 /* Build configuration list for PBXNativeTarget "MVPArchitectureUITests" */ = {
			isa = XCConfigurationList;
			buildConfigurations = (
				2706158522A4709800EE42A9 /* Debug */,
				2706158622A4709800EE42A9 /* Release */,
			);
			defaultConfigurationIsVisible = 0;
			defaultConfigurationName = Release;
		};
/* End XCConfigurationList section */
	};
	rootObject = 2706154E22A4709000EE42A9 /* Project object */;
}
